
Microsoft Visual Studio Solution File, Format Version 12.00
# Visual Studio Version 17
VisualStudioVersion = 17.3.32825.248
MinimumVisualStudioVersion = 10.0.40219.1
Project("{FAE04EC0-301F-11D3-BF4B-00C04F79EFBC}") = "Lab5", "Lab5\Lab5.csproj", "{14CA76E7-94F3-478D-A919-BDD9A2843E48}"
EndProject
Global
	GlobalSection(SolutionConfigurationPlatforms) = preSolution
		Debug|Any CPU = Debug|Any CPU
		Release|Any CPU = Release|Any CPU
	EndGlobalSection
	GlobalSection(ProjectConfigurationPlatforms) = postSolution
		{14CA76E7-94F3-478D-A919-BDD9A2843E48}.Debug|Any CPU.ActiveCfg = Debug|Any CPU
		{14CA76E7-94F3-478D-A919-BDD9A2843E48}.Debug|Any CPU.Build.0 = Debug|Any CPU
		{14CA76E7-94F3-478D-A919-BDD9A2843E48}.Release|Any CPU.ActiveCfg = Release|Any CPU
		{14CA76E7-94F3-478D-A919-BDD9A2843E48}.Release|Any CPU.Build.0 = Release|Any CPU
	EndGlobalSection
	GlobalSection(SolutionProperties) = preSolution
		HideSolutionNode = FALSE
	EndGlobalSection
	GlobalSection(ExtensibilityGlobals) = postSolution
		SolutionGuid = {58F39B16-1F4D-4CB9-90CF-07D5AB08E97A}
	EndGlobalSection
EndGlobal
